
Microsoft Visual Studio Solution File, Format Version 12.00
# Visual Studio Version 17
VisualStudioVersion = 17.8.34309.116
MinimumVisualStudioVersion = 10.0.40219.1
Project("{FAE04EC0-301F-11D3-BF4B-00C04F79EFBC}") = "WinFormsApp6", "WinFormsApp6.csproj", "{7AB68AA5-7955-4FBB-ADCB-B95730F0303A}"
EndProject
Global
	GlobalSection(SolutionConfigurationPlatforms) = preSolution
		Debug|Any CPU = Debug|Any CPU
		Release|Any CPU = Release|Any CPU
	EndGlobalSection
	GlobalSection(ProjectConfigurationPlatforms) = postSolution
		{7AB68AA5-7955-4FBB-ADCB-B95730F0303A}.Debug|Any CPU.ActiveCfg = Debug|Any CPU
		{7AB68AA5-7955-4FBB-ADCB-B95730F0303A}.Debug|Any CPU.Build.0 = Debug|Any CPU
		{7AB68AA5-7955-4FBB-ADCB-B95730F0303A}.Release|Any CPU.ActiveCfg = Release|Any CPU
		{7AB68AA5-7955-4FBB-ADCB-B95730F0303A}.Release|Any CPU.Build.0 = Release|Any CPU
	EndGlobalSection
	GlobalSection(SolutionProperties) = preSolution
		HideSolutionNode = FALSE
	EndGlobalSection
	GlobalSection(ExtensibilityGlobals) = postSolution
		SolutionGuid = {89F81DE9-4D12-49D5-86DD-694A70BADCC2}
	EndGlobalSection
EndGlobal
